
Microsoft Visual Studio Solution File, Format Version 12.00
# Visual Studio Version 16
VisualStudioVersion = 16.0.31515.178
MinimumVisualStudioVersion = 10.0.40219.1
Project("{8BC9CEB8-8B4A-11D0-8D11-00A0C91BC942}") = "OOP", "test\test.vcxproj", "{5CC9D3AF-05DF-4D60-9FAC-2ABB3D671A91}"
EndProject
Project("{8BC9CEB8-8B4A-11D0-8D11-00A0C91BC942}") = "STL", "STL\STL.vcxproj", "{16E18C06-5DF3-4D4B-9949-E2C59D2D23A8}"
EndProject
Global
	GlobalSection(SolutionConfigurationPlatforms) = preSolution
		Debug|x64 = Debug|x64
		Debug|x86 = Debug|x86
		Release|x64 = Release|x64
		Release|x86 = Release|x86
	EndGlobalSection
	GlobalSection(ProjectConfigurationPlatforms) = postSolution
		{5CC9D3AF-05DF-4D60-9FAC-2ABB3D671A91}.Debug|x64.ActiveCfg = Debug|x64
		{5CC9D3AF-05DF-4D60-9FAC-2ABB3D671A91}.Debug|x64.Build.0 = Debug|x64
		{5CC9D3AF-05DF-4D60-9FAC-2ABB3D671A91}.Debug|x86.ActiveCfg = Debug|Win32
		{5CC9D3AF-05DF-4D60-9FAC-2ABB3D671A91}.Debug|x86.Build.0 = Debug|Win32
		{5CC9D3AF-05DF-4D60-9FAC-2ABB3D671A91}.Release|x64.ActiveCfg = Release|x64
		{5CC9D3AF-05DF-4D60-9FAC-2ABB3D671A91}.Release|x64.Build.0 = Release|x64
		{5CC9D3AF-05DF-4D60-9FAC-2ABB3D671A91}.Release|x86.ActiveCfg = Release|Win32
		{5CC9D3AF-05DF-4D60-9FAC-2ABB3D671A91}.Release|x86.Build.0 = Release|Win32
		{16E18C06-5DF3-4D4B-9949-E2C59D2D23A8}.Debug|x64.ActiveCfg = Debug|x64
		{16E18C06-5DF3-4D4B-9949-E2C59D2D23A8}.Debug|x64.Build.0 = Debug|x64
		{16E18C06-5DF3-4D4B-9949-E2C59D2D23A8}.Debug|x86.ActiveCfg = Debug|Win32
		{16E18C06-5DF3-4D4B-9949-E2C59D2D23A8}.Debug|x86.Build.0 = Debug|Win32
		{16E18C06-5DF3-4D4B-9949-E2C59D2D23A8}.Release|x64.ActiveCfg = Release|x64
		{16E18C06-5DF3-4D4B-9949-E2C59D2D23A8}.Release|x64.Build.0 = Release|x64
		{16E18C06-5DF3-4D4B-9949-E2C59D2D23A8}.Release|x86.ActiveCfg = Release|Win32
		{16E18C06-5DF3-4D4B-9949-E2C59D2D23A8}.Release|x86.Build.0 = Release|Win32
	EndGlobalSection
	GlobalSection(SolutionProperties) = preSolution
		HideSolutionNode = FALSE
	EndGlobalSection
	GlobalSection(ExtensibilityGlobals) = postSolution
		SolutionGuid = {C5C90EED-B13B-41AB-9D0C-C0C7BAB6BED4}
	EndGlobalSection
EndGlobal
