
Microsoft Visual Studio Solution File, Format Version 12.00
# Visual Studio Version 16
VisualStudioVersion = 16.0.31515.178
MinimumVisualStudioVersion = 10.0.40219.1
Project("{8BC9CEB8-8B4A-11D0-8D11-00A0C91BC942}") = "test", "test\test.vcxproj", "{0DA7E016-577A-4AFB-9422-1948E000A6AA}"
EndProject
Project("{8BC9CEB8-8B4A-11D0-8D11-00A0C91BC942}") = "Chapter2", "Chapter2\Chapter2.vcxproj", "{8E3C6D8A-0670-4FCA-9EAA-569BA91EC117}"
EndProject
Project("{8BC9CEB8-8B4A-11D0-8D11-00A0C91BC942}") = "3.1", "3.1\3.1.vcxproj", "{824B0D7A-A38F-4A5D-A1C8-F2CD9AACF6A0}"
EndProject
Project("{8BC9CEB8-8B4A-11D0-8D11-00A0C91BC942}") = "4", "4\4.vcxproj", "{0959ED6D-31A9-49FA-96F0-16F643E60746}"
EndProject
Project("{8BC9CEB8-8B4A-11D0-8D11-00A0C91BC942}") = "4.3", "4.3\4.3.vcxproj", "{4C9409FB-9826-4D9D-A8F2-04082410EA32}"
EndProject
Project("{8BC9CEB8-8B4A-11D0-8D11-00A0C91BC942}") = "4.7", "4.7\4.7.vcxproj", "{00857F07-68A2-4A24-A527-8F92EE0403BC}"
EndProject
Project("{8BC9CEB8-8B4A-11D0-8D11-00A0C91BC942}") = "6.7", "6.7\6.7.vcxproj", "{22B36B71-6E8D-4B60-B9D5-14B7BBE68530}"
EndProject
Project("{8BC9CEB8-8B4A-11D0-8D11-00A0C91BC942}") = "7.3", "7.3\7.3.vcxproj", "{41B56570-C7D5-483E-BED9-D6126835C8D8}"
EndProject
Project("{8BC9CEB8-8B4A-11D0-8D11-00A0C91BC942}") = "7.5", "7.5\7.5.vcxproj", "{20A421A7-744F-448C-968E-2376AB958262}"
EndProject
Project("{8BC9CEB8-8B4A-11D0-8D11-00A0C91BC942}") = "7.6", "7.6\7.6.vcxproj", "{6992830C-A4FE-458E-8D94-D0C0955A241A}"
EndProject
Project("{8BC9CEB8-8B4A-11D0-8D11-00A0C91BC942}") = "7.10", "7.10\7.10.vcxproj", "{E6D2140C-D2F4-4A52-82F8-8B7E7BC99060}"
EndProject
Project("{8BC9CEB8-8B4A-11D0-8D11-00A0C91BC942}") = "8.1", "8.1\8.1.vcxproj", "{A70ADEE3-8FFE-453A-831B-1D904C0480BD}"
EndProject
Project("{8BC9CEB8-8B4A-11D0-8D11-00A0C91BC942}") = "8.2", "8.2\8.2.vcxproj", "{AF2B7730-8DBE-42D3-93EE-36BD0EBA1CF0}"
EndProject
Project("{8BC9CEB8-8B4A-11D0-8D11-00A0C91BC942}") = "8.4", "8.4\8.4.vcxproj", "{0135A23B-30F9-4523-A78B-D60947AC6EDA}"
EndProject
Project("{8BC9CEB8-8B4A-11D0-8D11-00A0C91BC942}") = "8.5", "8.5\8.5.vcxproj", "{EB3DDD58-A9E6-4BD7-89CA-A3C481476266}"
EndProject
Project("{8BC9CEB8-8B4A-11D0-8D11-00A0C91BC942}") = "9.2", "9.2\9.2.vcxproj", "{3F166B41-A70F-478D-8A5C-9DE819472006}"
EndProject
Project("{8BC9CEB8-8B4A-11D0-8D11-00A0C91BC942}") = "10.2", "10.2\10.2.vcxproj", "{1852FC99-5976-473E-BEB3-E718B9BEEEAB}"
EndProject
Project("{8BC9CEB8-8B4A-11D0-8D11-00A0C91BC942}") = "11.2", "11.2\11.2.vcxproj", "{D5B29711-E251-489E-B473-0C599893D7CC}"
EndProject
Project("{8BC9CEB8-8B4A-11D0-8D11-00A0C91BC942}") = "13.1", "13.1\13.1.vcxproj", "{16F28CE4-614D-4260-9414-E55D69BAFADE}"
EndProject
Project("{8BC9CEB8-8B4A-11D0-8D11-00A0C91BC942}") = "13.3", "13.3\13.3.vcxproj", "{67A12C3E-4F52-4B4C-96BB-46E47CD9B282}"
EndProject
Project("{8BC9CEB8-8B4A-11D0-8D11-00A0C91BC942}") = "13.7", "13.7\13.7.vcxproj", "{2460F80E-F8FE-4997-80F3-A24C06495C55}"
EndProject
Project("{8BC9CEB8-8B4A-11D0-8D11-00A0C91BC942}") = "11.6", "11.6\11.6.vcxproj", "{25D49281-71C6-4251-A2CE-81352E4C1238}"
EndProject
Project("{8BC9CEB8-8B4A-11D0-8D11-00A0C91BC942}") = "14.1", "14.1\14.1.vcxproj", "{0F7BB230-8097-42A9-A6F8-91ABCD45D9EF}"
EndProject
Project("{8BC9CEB8-8B4A-11D0-8D11-00A0C91BC942}") = "13.6", "13.6\13.6.vcxproj", "{AA12D3E2-A56F-4E16-9F37-60EC69160566}"
EndProject
Project("{8BC9CEB8-8B4A-11D0-8D11-00A0C91BC942}") = "14.2", "14.2\14.2.vcxproj", "{897BB0E2-101F-427B-A7BD-DFAC551A6E90}"
EndProject
Project("{8BC9CEB8-8B4A-11D0-8D11-00A0C91BC942}") = "14.4", "14.4\14.4.vcxproj", "{D012D096-89A6-47DA-87D9-C31972135701}"
EndProject
Project("{8BC9CEB8-8B4A-11D0-8D11-00A0C91BC942}") = "14.3", "14.3\14.3.vcxproj", "{B649ECAF-665C-43E8-947C-CD4F145F21D9}"
EndProject
Project("{8BC9CEB8-8B4A-11D0-8D11-00A0C91BC942}") = "14.4.7", "14.4.7\14.4.7.vcxproj", "{43C62AD4-9FB1-47C7-BF1B-58C0D8867F84}"
EndProject
Project("{8BC9CEB8-8B4A-11D0-8D11-00A0C91BC942}") = "16.1", "16.1\16.1.vcxproj", "{424BFD74-B7F5-4F9E-8DD5-D6B6E371BEF6}"
EndProject
Project("{8BC9CEB8-8B4A-11D0-8D11-00A0C91BC942}") = "16.4", "16.4\16.4.vcxproj", "{E1080404-5E01-4E16-BE0D-BEB54F695AB3}"
EndProject
Global
	GlobalSection(SolutionConfigurationPlatforms) = preSolution
		Debug|x64 = Debug|x64
		Debug|x86 = Debug|x86
		Release|x64 = Release|x64
		Release|x86 = Release|x86
	EndGlobalSection
	GlobalSection(ProjectConfigurationPlatforms) = postSolution
		{0DA7E016-577A-4AFB-9422-1948E000A6AA}.Debug|x64.ActiveCfg = Debug|x64
		{0DA7E016-577A-4AFB-9422-1948E000A6AA}.Debug|x64.Build.0 = Debug|x64
		{0DA7E016-577A-4AFB-9422-1948E000A6AA}.Debug|x86.ActiveCfg = Debug|Win32
		{0DA7E016-577A-4AFB-9422-1948E000A6AA}.Debug|x86.Build.0 = Debug|Win32
		{0DA7E016-577A-4AFB-9422-1948E000A6AA}.Release|x64.ActiveCfg = Release|x64
		{0DA7E016-577A-4AFB-9422-1948E000A6AA}.Release|x64.Build.0 = Release|x64
		{0DA7E016-577A-4AFB-9422-1948E000A6AA}.Release|x86.ActiveCfg = Release|Win32
		{0DA7E016-577A-4AFB-9422-1948E000A6AA}.Release|x86.Build.0 = Release|Win32
		{8E3C6D8A-0670-4FCA-9EAA-569BA91EC117}.Debug|x64.ActiveCfg = Debug|x64
		{8E3C6D8A-0670-4FCA-9EAA-569BA91EC117}.Debug|x64.Build.0 = Debug|x64
		{8E3C6D8A-0670-4FCA-9EAA-569BA91EC117}.Debug|x86.ActiveCfg = Debug|Win32
		{8E3C6D8A-0670-4FCA-9EAA-569BA91EC117}.Debug|x86.Build.0 = Debug|Win32
		{8E3C6D8A-0670-4FCA-9EAA-569BA91EC117}.Release|x64.ActiveCfg = Release|x64
		{8E3C6D8A-0670-4FCA-9EAA-569BA91EC117}.Release|x64.Build.0 = Release|x64
		{8E3C6D8A-0670-4FCA-9EAA-569BA91EC117}.Release|x86.ActiveCfg = Release|Win32
		{8E3C6D8A-0670-4FCA-9EAA-569BA91EC117}.Release|x86.Build.0 = Release|Win32
		{824B0D7A-A38F-4A5D-A1C8-F2CD9AACF6A0}.Debug|x64.ActiveCfg = Debug|x64
		{824B0D7A-A38F-4A5D-A1C8-F2CD9AACF6A0}.Debug|x64.Build.0 = Debug|x64
		{824B0D7A-A38F-4A5D-A1C8-F2CD9AACF6A0}.Debug|x86.ActiveCfg = Debug|Win32
		{824B0D7A-A38F-4A5D-A1C8-F2CD9AACF6A0}.Debug|x86.Build.0 = Debug|Win32
		{824B0D7A-A38F-4A5D-A1C8-F2CD9AACF6A0}.Release|x64.ActiveCfg = Release|x64
		{824B0D7A-A38F-4A5D-A1C8-F2CD9AACF6A0}.Release|x64.Build.0 = Release|x64
		{824B0D7A-A38F-4A5D-A1C8-F2CD9AACF6A0}.Release|x86.ActiveCfg = Release|Win32
		{824B0D7A-A38F-4A5D-A1C8-F2CD9AACF6A0}.Release|x86.Build.0 = Release|Win32
		{0959ED6D-31A9-49FA-96F0-16F643E60746}.Debug|x64.ActiveCfg = Debug|x64
		{0959ED6D-31A9-49FA-96F0-16F643E60746}.Debug|x64.Build.0 = Debug|x64
		{0959ED6D-31A9-49FA-96F0-16F643E60746}.Debug|x86.ActiveCfg = Debug|Win32
		{0959ED6D-31A9-49FA-96F0-16F643E60746}.Debug|x86.Build.0 = Debug|Win32
		{0959ED6D-31A9-49FA-96F0-16F643E60746}.Release|x64.ActiveCfg = Release|x64
		{0959ED6D-31A9-49FA-96F0-16F643E60746}.Release|x64.Build.0 = Release|x64
		{0959ED6D-31A9-49FA-96F0-16F643E60746}.Release|x86.ActiveCfg = Release|Win32
		{0959ED6D-31A9-49FA-96F0-16F643E60746}.Release|x86.Build.0 = Release|Win32
		{4C9409FB-9826-4D9D-A8F2-04082410EA32}.Debug|x64.ActiveCfg = Debug|x64
		{4C9409FB-9826-4D9D-A8F2-04082410EA32}.Debug|x64.Build.0 = Debug|x64
		{4C9409FB-9826-4D9D-A8F2-04082410EA32}.Debug|x86.ActiveCfg = Debug|Win32
		{4C9409FB-9826-4D9D-A8F2-04082410EA32}.Debug|x86.Build.0 = Debug|Win32
		{4C9409FB-9826-4D9D-A8F2-04082410EA32}.Release|x64.ActiveCfg = Release|x64
		{4C9409FB-9826-4D9D-A8F2-04082410EA32}.Release|x64.Build.0 = Release|x64
		{4C9409FB-9826-4D9D-A8F2-04082410EA32}.Release|x86.ActiveCfg = Release|Win32
		{4C9409FB-9826-4D9D-A8F2-04082410EA32}.Release|x86.Build.0 = Release|Win32
		{00857F07-68A2-4A24-A527-8F92EE0403BC}.Debug|x64.ActiveCfg = Debug|x64
		{00857F07-68A2-4A24-A527-8F92EE0403BC}.Debug|x64.Build.0 = Debug|x64
		{00857F07-68A2-4A24-A527-8F92EE0403BC}.Debug|x86.ActiveCfg = Debug|Win32
		{00857F07-68A2-4A24-A527-8F92EE0403BC}.Debug|x86.Build.0 = Debug|Win32
		{00857F07-68A2-4A24-A527-8F92EE0403BC}.Release|x64.ActiveCfg = Release|x64
		{00857F07-68A2-4A24-A527-8F92EE0403BC}.Release|x64.Build.0 = Release|x64
		{00857F07-68A2-4A24-A527-8F92EE0403BC}.Release|x86.ActiveCfg = Release|Win32
		{00857F07-68A2-4A24-A527-8F92EE0403BC}.Release|x86.Build.0 = Release|Win32
		{22B36B71-6E8D-4B60-B9D5-14B7BBE68530}.Debug|x64.ActiveCfg = Debug|x64
		{22B36B71-6E8D-4B60-B9D5-14B7BBE68530}.Debug|x64.Build.0 = Debug|x64
		{22B36B71-6E8D-4B60-B9D5-14B7BBE68530}.Debug|x86.ActiveCfg = Debug|Win32
		{22B36B71-6E8D-4B60-B9D5-14B7BBE68530}.Debug|x86.Build.0 = Debug|Win32
		{22B36B71-6E8D-4B60-B9D5-14B7BBE68530}.Release|x64.ActiveCfg = Release|x64
		{22B36B71-6E8D-4B60-B9D5-14B7BBE68530}.Release|x64.Build.0 = Release|x64
		{22B36B71-6E8D-4B60-B9D5-14B7BBE68530}.Release|x86.ActiveCfg = Release|Win32
		{22B36B71-6E8D-4B60-B9D5-14B7BBE68530}.Release|x86.Build.0 = Release|Win32
		{41B56570-C7D5-483E-BED9-D6126835C8D8}.Debug|x64.ActiveCfg = Debug|x64
		{41B56570-C7D5-483E-BED9-D6126835C8D8}.Debug|x64.Build.0 = Debug|x64
		{41B56570-C7D5-483E-BED9-D6126835C8D8}.Debug|x86.ActiveCfg = Debug|Win32
		{41B56570-C7D5-483E-BED9-D6126835C8D8}.Debug|x86.Build.0 = Debug|Win32
		{41B56570-C7D5-483E-BED9-D6126835C8D8}.Release|x64.ActiveCfg = Release|x64
		{41B56570-C7D5-483E-BED9-D6126835C8D8}.Release|x64.Build.0 = Release|x64
		{41B56570-C7D5-483E-BED9-D6126835C8D8}.Release|x86.ActiveCfg = Release|Win32
		{41B56570-C7D5-483E-BED9-D6126835C8D8}.Release|x86.Build.0 = Release|Win32
		{20A421A7-744F-448C-968E-2376AB958262}.Debug|x64.ActiveCfg = Debug|x64
		{20A421A7-744F-448C-968E-2376AB958262}.Debug|x64.Build.0 = Debug|x64
		{20A421A7-744F-448C-968E-2376AB958262}.Debug|x86.ActiveCfg = Debug|Win32
		{20A421A7-744F-448C-968E-2376AB958262}.Debug|x86.Build.0 = Debug|Win32
		{20A421A7-744F-448C-968E-2376AB958262}.Release|x64.ActiveCfg = Release|x64
		{20A421A7-744F-448C-968E-2376AB958262}.Release|x64.Build.0 = Release|x64
		{20A421A7-744F-448C-968E-2376AB958262}.Release|x86.ActiveCfg = Release|Win32
		{20A421A7-744F-448C-968E-2376AB958262}.Release|x86.Build.0 = Release|Win32
		{6992830C-A4FE-458E-8D94-D0C0955A241A}.Debug|x64.ActiveCfg = Debug|x64
		{6992830C-A4FE-458E-8D94-D0C0955A241A}.Debug|x64.Build.0 = Debug|x64
		{6992830C-A4FE-458E-8D94-D0C0955A241A}.Debug|x86.ActiveCfg = Debug|Win32
		{6992830C-A4FE-458E-8D94-D0C0955A241A}.Debug|x86.Build.0 = Debug|Win32
		{6992830C-A4FE-458E-8D94-D0C0955A241A}.Release|x64.ActiveCfg = Release|x64
		{6992830C-A4FE-458E-8D94-D0C0955A241A}.Release|x64.Build.0 = Release|x64
		{6992830C-A4FE-458E-8D94-D0C0955A241A}.Release|x86.ActiveCfg = Release|Win32
		{6992830C-A4FE-458E-8D94-D0C0955A241A}.Release|x86.Build.0 = Release|Win32
		{E6D2140C-D2F4-4A52-82F8-8B7E7BC99060}.Debug|x64.ActiveCfg = Debug|x64
		{E6D2140C-D2F4-4A52-82F8-8B7E7BC99060}.Debug|x64.Build.0 = Debug|x64
		{E6D2140C-D2F4-4A52-82F8-8B7E7BC99060}.Debug|x86.ActiveCfg = Debug|Win32
		{E6D2140C-D2F4-4A52-82F8-8B7E7BC99060}.Debug|x86.Build.0 = Debug|Win32
		{E6D2140C-D2F4-4A52-82F8-8B7E7BC99060}.Release|x64.ActiveCfg = Release|x64
		{E6D2140C-D2F4-4A52-82F8-8B7E7BC99060}.Release|x64.Build.0 = Release|x64
		{E6D2140C-D2F4-4A52-82F8-8B7E7BC99060}.Release|x86.ActiveCfg = Release|Win32
		{E6D2140C-D2F4-4A52-82F8-8B7E7BC99060}.Release|x86.Build.0 = Release|Win32
		{A70ADEE3-8FFE-453A-831B-1D904C0480BD}.Debug|x64.ActiveCfg = Debug|x64
		{A70ADEE3-8FFE-453A-831B-1D904C0480BD}.Debug|x64.Build.0 = Debug|x64
		{A70ADEE3-8FFE-453A-831B-1D904C0480BD}.Debug|x86.ActiveCfg = Debug|Win32
		{A70ADEE3-8FFE-453A-831B-1D904C0480BD}.Debug|x86.Build.0 = Debug|Win32
		{A70ADEE3-8FFE-453A-831B-1D904C0480BD}.Release|x64.ActiveCfg = Release|x64
		{A70ADEE3-8FFE-453A-831B-1D904C0480BD}.Release|x64.Build.0 = Release|x64
		{A70ADEE3-8FFE-453A-831B-1D904C0480BD}.Release|x86.ActiveCfg = Release|Win32
		{A70ADEE3-8FFE-453A-831B-1D904C0480BD}.Release|x86.Build.0 = Release|Win32
		{AF2B7730-8DBE-42D3-93EE-36BD0EBA1CF0}.Debug|x64.ActiveCfg = Debug|x64
		{AF2B7730-8DBE-42D3-93EE-36BD0EBA1CF0}.Debug|x64.Build.0 = Debug|x64
		{AF2B7730-8DBE-42D3-93EE-36BD0EBA1CF0}.Debug|x86.ActiveCfg = Debug|Win32
		{AF2B7730-8DBE-42D3-93EE-36BD0EBA1CF0}.Debug|x86.Build.0 = Debug|Win32
		{AF2B7730-8DBE-42D3-93EE-36BD0EBA1CF0}.Release|x64.ActiveCfg = Release|x64
		{AF2B7730-8DBE-42D3-93EE-36BD0EBA1CF0}.Release|x64.Build.0 = Release|x64
		{AF2B7730-8DBE-42D3-93EE-36BD0EBA1CF0}.Release|x86.ActiveCfg = Release|Win32
		{AF2B7730-8DBE-42D3-93EE-36BD0EBA1CF0}.Release|x86.Build.0 = Release|Win32
		{0135A23B-30F9-4523-A78B-D60947AC6EDA}.Debug|x64.ActiveCfg = Debug|x64
		{0135A23B-30F9-4523-A78B-D60947AC6EDA}.Debug|x64.Build.0 = Debug|x64
		{0135A23B-30F9-4523-A78B-D60947AC6EDA}.Debug|x86.ActiveCfg = Debug|Win32
		{0135A23B-30F9-4523-A78B-D60947AC6EDA}.Debug|x86.Build.0 = Debug|Win32
		{0135A23B-30F9-4523-A78B-D60947AC6EDA}.Release|x64.ActiveCfg = Release|x64
		{0135A23B-30F9-4523-A78B-D60947AC6EDA}.Release|x64.Build.0 = Release|x64
		{0135A23B-30F9-4523-A78B-D60947AC6EDA}.Release|x86.ActiveCfg = Release|Win32
		{0135A23B-30F9-4523-A78B-D60947AC6EDA}.Release|x86.Build.0 = Release|Win32
		{EB3DDD58-A9E6-4BD7-89CA-A3C481476266}.Debug|x64.ActiveCfg = Debug|x64
		{EB3DDD58-A9E6-4BD7-89CA-A3C481476266}.Debug|x64.Build.0 = Debug|x64
		{EB3DDD58-A9E6-4BD7-89CA-A3C481476266}.Debug|x86.ActiveCfg = Debug|Win32
		{EB3DDD58-A9E6-4BD7-89CA-A3C481476266}.Debug|x86.Build.0 = Debug|Win32
		{EB3DDD58-A9E6-4BD7-89CA-A3C481476266}.Release|x64.ActiveCfg = Release|x64
		{EB3DDD58-A9E6-4BD7-89CA-A3C481476266}.Release|x64.Build.0 = Release|x64
		{EB3DDD58-A9E6-4BD7-89CA-A3C481476266}.Release|x86.ActiveCfg = Release|Win32
		{EB3DDD58-A9E6-4BD7-89CA-A3C481476266}.Release|x86.Build.0 = Release|Win32
		{3F166B41-A70F-478D-8A5C-9DE819472006}.Debug|x64.ActiveCfg = Debug|x64
		{3F166B41-A70F-478D-8A5C-9DE819472006}.Debug|x64.Build.0 = Debug|x64
		{3F166B41-A70F-478D-8A5C-9DE819472006}.Debug|x86.ActiveCfg = Debug|Win32
		{3F166B41-A70F-478D-8A5C-9DE819472006}.Debug|x86.Build.0 = Debug|Win32
		{3F166B41-A70F-478D-8A5C-9DE819472006}.Release|x64.ActiveCfg = Release|x64
		{3F166B41-A70F-478D-8A5C-9DE819472006}.Release|x64.Build.0 = Release|x64
		{3F166B41-A70F-478D-8A5C-9DE819472006}.Release|x86.ActiveCfg = Release|Win32
		{3F166B41-A70F-478D-8A5C-9DE819472006}.Release|x86.Build.0 = Release|Win32
		{1852FC99-5976-473E-BEB3-E718B9BEEEAB}.Debug|x64.ActiveCfg = Debug|x64
		{1852FC99-5976-473E-BEB3-E718B9BEEEAB}.Debug|x64.Build.0 = Debug|x64
		{1852FC99-5976-473E-BEB3-E718B9BEEEAB}.Debug|x86.ActiveCfg = Debug|Win32
		{1852FC99-5976-473E-BEB3-E718B9BEEEAB}.Debug|x86.Build.0 = Debug|Win32
		{1852FC99-5976-473E-BEB3-E718B9BEEEAB}.Release|x64.ActiveCfg = Release|x64
		{1852FC99-5976-473E-BEB3-E718B9BEEEAB}.Release|x64.Build.0 = Release|x64
		{1852FC99-5976-473E-BEB3-E718B9BEEEAB}.Release|x86.ActiveCfg = Release|Win32
		{1852FC99-5976-473E-BEB3-E718B9BEEEAB}.Release|x86.Build.0 = Release|Win32
		{D5B29711-E251-489E-B473-0C599893D7CC}.Debug|x64.ActiveCfg = Debug|x64
		{D5B29711-E251-489E-B473-0C599893D7CC}.Debug|x64.Build.0 = Debug|x64
		{D5B29711-E251-489E-B473-0C599893D7CC}.Debug|x86.ActiveCfg = Debug|Win32
		{D5B29711-E251-489E-B473-0C599893D7CC}.Debug|x86.Build.0 = Debug|Win32
		{D5B29711-E251-489E-B473-0C599893D7CC}.Release|x64.ActiveCfg = Release|x64
		{D5B29711-E251-489E-B473-0C599893D7CC}.Release|x64.Build.0 = Release|x64
		{D5B29711-E251-489E-B473-0C599893D7CC}.Release|x86.ActiveCfg = Release|Win32
		{D5B29711-E251-489E-B473-0C599893D7CC}.Release|x86.Build.0 = Release|Win32
		{16F28CE4-614D-4260-9414-E55D69BAFADE}.Debug|x64.ActiveCfg = Debug|x64
		{16F28CE4-614D-4260-9414-E55D69BAFADE}.Debug|x64.Build.0 = Debug|x64
		{16F28CE4-614D-4260-9414-E55D69BAFADE}.Debug|x86.ActiveCfg = Debug|Win32
		{16F28CE4-614D-4260-9414-E55D69BAFADE}.Debug|x86.Build.0 = Debug|Win32
		{16F28CE4-614D-4260-9414-E55D69BAFADE}.Release|x64.ActiveCfg = Release|x64
		{16F28CE4-614D-4260-9414-E55D69BAFADE}.Release|x64.Build.0 = Release|x64
		{16F28CE4-614D-4260-9414-E55D69BAFADE}.Release|x86.ActiveCfg = Release|Win32
		{16F28CE4-614D-4260-9414-E55D69BAFADE}.Release|x86.Build.0 = Release|Win32
		{67A12C3E-4F52-4B4C-96BB-46E47CD9B282}.Debug|x64.ActiveCfg = Debug|x64
		{67A12C3E-4F52-4B4C-96BB-46E47CD9B282}.Debug|x64.Build.0 = Debug|x64
		{67A12C3E-4F52-4B4C-96BB-46E47CD9B282}.Debug|x86.ActiveCfg = Debug|Win32
		{67A12C3E-4F52-4B4C-96BB-46E47CD9B282}.Debug|x86.Build.0 = Debug|Win32
		{67A12C3E-4F52-4B4C-96BB-46E47CD9B282}.Release|x64.ActiveCfg = Release|x64
		{67A12C3E-4F52-4B4C-96BB-46E47CD9B282}.Release|x64.Build.0 = Release|x64
		{67A12C3E-4F52-4B4C-96BB-46E47CD9B282}.Release|x86.ActiveCfg = Release|Win32
		{67A12C3E-4F52-4B4C-96BB-46E47CD9B282}.Release|x86.Build.0 = Release|Win32
		{2460F80E-F8FE-4997-80F3-A24C06495C55}.Debug|x64.ActiveCfg = Debug|x64
		{2460F80E-F8FE-4997-80F3-A24C06495C55}.Debug|x64.Build.0 = Debug|x64
		{2460F80E-F8FE-4997-80F3-A24C06495C55}.Debug|x86.ActiveCfg = Debug|Win32
		{2460F80E-F8FE-4997-80F3-A24C06495C55}.Debug|x86.Build.0 = Debug|Win32
		{2460F80E-F8FE-4997-80F3-A24C06495C55}.Release|x64.ActiveCfg = Release|x64
		{2460F80E-F8FE-4997-80F3-A24C06495C55}.Release|x64.Build.0 = Release|x64
		{2460F80E-F8FE-4997-80F3-A24C06495C55}.Release|x86.ActiveCfg = Release|Win32
		{2460F80E-F8FE-4997-80F3-A24C06495C55}.Release|x86.Build.0 = Release|Win32
		{25D49281-71C6-4251-A2CE-81352E4C1238}.Debug|x64.ActiveCfg = Debug|x64
		{25D49281-71C6-4251-A2CE-81352E4C1238}.Debug|x64.Build.0 = Debug|x64
		{25D49281-71C6-4251-A2CE-81352E4C1238}.Debug|x86.ActiveCfg = Debug|Win32
		{25D49281-71C6-4251-A2CE-81352E4C1238}.Debug|x86.Build.0 = Debug|Win32
		{25D49281-71C6-4251-A2CE-81352E4C1238}.Release|x64.ActiveCfg = Release|x64
		{25D49281-71C6-4251-A2CE-81352E4C1238}.Release|x64.Build.0 = Release|x64
		{25D49281-71C6-4251-A2CE-81352E4C1238}.Release|x86.ActiveCfg = Release|Win32
		{25D49281-71C6-4251-A2CE-81352E4C1238}.Release|x86.Build.0 = Release|Win32
		{0F7BB230-8097-42A9-A6F8-91ABCD45D9EF}.Debug|x64.ActiveCfg = Debug|x64
		{0F7BB230-8097-42A9-A6F8-91ABCD45D9EF}.Debug|x64.Build.0 = Debug|x64
		{0F7BB230-8097-42A9-A6F8-91ABCD45D9EF}.Debug|x86.ActiveCfg = Debug|Win32
		{0F7BB230-8097-42A9-A6F8-91ABCD45D9EF}.Debug|x86.Build.0 = Debug|Win32
		{0F7BB230-8097-42A9-A6F8-91ABCD45D9EF}.Release|x64.ActiveCfg = Release|x64
		{0F7BB230-8097-42A9-A6F8-91ABCD45D9EF}.Release|x64.Build.0 = Release|x64
		{0F7BB230-8097-42A9-A6F8-91ABCD45D9EF}.Release|x86.ActiveCfg = Release|Win32
		{0F7BB230-8097-42A9-A6F8-91ABCD45D9EF}.Release|x86.Build.0 = Release|Win32
		{AA12D3E2-A56F-4E16-9F37-60EC69160566}.Debug|x64.ActiveCfg = Debug|x64
		{AA12D3E2-A56F-4E16-9F37-60EC69160566}.Debug|x64.Build.0 = Debug|x64
		{AA12D3E2-A56F-4E16-9F37-60EC69160566}.Debug|x86.ActiveCfg = Debug|Win32
		{AA12D3E2-A56F-4E16-9F37-60EC69160566}.Debug|x86.Build.0 = Debug|Win32
		{AA12D3E2-A56F-4E16-9F37-60EC69160566}.Release|x64.ActiveCfg = Release|x64
		{AA12D3E2-A56F-4E16-9F37-60EC69160566}.Release|x64.Build.0 = Release|x64
		{AA12D3E2-A56F-4E16-9F37-60EC69160566}.Release|x86.ActiveCfg = Release|Win32
		{AA12D3E2-A56F-4E16-9F37-60EC69160566}.Release|x86.Build.0 = Release|Win32
		{897BB0E2-101F-427B-A7BD-DFAC551A6E90}.Debug|x64.ActiveCfg = Debug|x64
		{897BB0E2-101F-427B-A7BD-DFAC551A6E90}.Debug|x64.Build.0 = Debug|x64
		{897BB0E2-101F-427B-A7BD-DFAC551A6E90}.Debug|x86.ActiveCfg = Debug|Win32
		{897BB0E2-101F-427B-A7BD-DFAC551A6E90}.Debug|x86.Build.0 = Debug|Win32
		{897BB0E2-101F-427B-A7BD-DFAC551A6E90}.Release|x64.ActiveCfg = Release|x64
		{897BB0E2-101F-427B-A7BD-DFAC551A6E90}.Release|x64.Build.0 = Release|x64
		{897BB0E2-101F-427B-A7BD-DFAC551A6E90}.Release|x86.ActiveCfg = Release|Win32
		{897BB0E2-101F-427B-A7BD-DFAC551A6E90}.Release|x86.Build.0 = Release|Win32
		{D012D096-89A6-47DA-87D9-C31972135701}.Debug|x64.ActiveCfg = Debug|x64
		{D012D096-89A6-47DA-87D9-C31972135701}.Debug|x64.Build.0 = Debug|x64
		{D012D096-89A6-47DA-87D9-C31972135701}.Debug|x86.ActiveCfg = Debug|Win32
		{D012D096-89A6-47DA-87D9-C31972135701}.Debug|x86.Build.0 = Debug|Win32
		{D012D096-89A6-47DA-87D9-C31972135701}.Release|x64.ActiveCfg = Release|x64
		{D012D096-89A6-47DA-87D9-C31972135701}.Release|x64.Build.0 = Release|x64
		{D012D096-89A6-47DA-87D9-C31972135701}.Release|x86.ActiveCfg = Release|Win32
		{D012D096-89A6-47DA-87D9-C31972135701}.Release|x86.Build.0 = Release|Win32
		{B649ECAF-665C-43E8-947C-CD4F145F21D9}.Debug|x64.ActiveCfg = Debug|x64
		{B649ECAF-665C-43E8-947C-CD4F145F21D9}.Debug|x64.Build.0 = Debug|x64
		{B649ECAF-665C-43E8-947C-CD4F145F21D9}.Debug|x86.ActiveCfg = Debug|Win32
		{B649ECAF-665C-43E8-947C-CD4F145F21D9}.Debug|x86.Build.0 = Debug|Win32
		{B649ECAF-665C-43E8-947C-CD4F145F21D9}.Release|x64.ActiveCfg = Release|x64
		{B649ECAF-665C-43E8-947C-CD4F145F21D9}.Release|x64.Build.0 = Release|x64
		{B649ECAF-665C-43E8-947C-CD4F145F21D9}.Release|x86.ActiveCfg = Release|Win32
		{B649ECAF-665C-43E8-947C-CD4F145F21D9}.Release|x86.Build.0 = Release|Win32
		{43C62AD4-9FB1-47C7-BF1B-58C0D8867F84}.Debug|x64.ActiveCfg = Debug|x64
		{43C62AD4-9FB1-47C7-BF1B-58C0D8867F84}.Debug|x64.Build.0 = Debug|x64
		{43C62AD4-9FB1-47C7-BF1B-58C0D8867F84}.Debug|x86.ActiveCfg = Debug|Win32
		{43C62AD4-9FB1-47C7-BF1B-58C0D8867F84}.Debug|x86.Build.0 = Debug|Win32
		{43C62AD4-9FB1-47C7-BF1B-58C0D8867F84}.Release|x64.ActiveCfg = Release|x64
		{43C62AD4-9FB1-47C7-BF1B-58C0D8867F84}.Release|x64.Build.0 = Release|x64
		{43C62AD4-9FB1-47C7-BF1B-58C0D8867F84}.Release|x86.ActiveCfg = Release|Win32
		{43C62AD4-9FB1-47C7-BF1B-58C0D8867F84}.Release|x86.Build.0 = Release|Win32
		{424BFD74-B7F5-4F9E-8DD5-D6B6E371BEF6}.Debug|x64.ActiveCfg = Debug|x64
		{424BFD74-B7F5-4F9E-8DD5-D6B6E371BEF6}.Debug|x64.Build.0 = Debug|x64
		{424BFD74-B7F5-4F9E-8DD5-D6B6E371BEF6}.Debug|x86.ActiveCfg = Debug|Win32
		{424BFD74-B7F5-4F9E-8DD5-D6B6E371BEF6}.Debug|x86.Build.0 = Debug|Win32
		{424BFD74-B7F5-4F9E-8DD5-D6B6E371BEF6}.Release|x64.ActiveCfg = Release|x64
		{424BFD74-B7F5-4F9E-8DD5-D6B6E371BEF6}.Release|x64.Build.0 = Release|x64
		{424BFD74-B7F5-4F9E-8DD5-D6B6E371BEF6}.Release|x86.ActiveCfg = Release|Win32
		{424BFD74-B7F5-4F9E-8DD5-D6B6E371BEF6}.Release|x86.Build.0 = Release|Win32
		{E1080404-5E01-4E16-BE0D-BEB54F695AB3}.Debug|x64.ActiveCfg = Debug|x64
		{E1080404-5E01-4E16-BE0D-BEB54F695AB3}.Debug|x64.Build.0 = Debug|x64
		{E1080404-5E01-4E16-BE0D-BEB54F695AB3}.Debug|x86.ActiveCfg = Debug|Win32
		{E1080404-5E01-4E16-BE0D-BEB54F695AB3}.Debug|x86.Build.0 = Debug|Win32
		{E1080404-5E01-4E16-BE0D-BEB54F695AB3}.Release|x64.ActiveCfg = Release|x64
		{E1080404-5E01-4E16-BE0D-BEB54F695AB3}.Release|x64.Build.0 = Release|x64
		{E1080404-5E01-4E16-BE0D-BEB54F695AB3}.Release|x86.ActiveCfg = Release|Win32
		{E1080404-5E01-4E16-BE0D-BEB54F695AB3}.Release|x86.Build.0 = Release|Win32
	EndGlobalSection
	GlobalSection(SolutionProperties) = preSolution
		HideSolutionNode = FALSE
	EndGlobalSection
	GlobalSection(ExtensibilityGlobals) = postSolution
		SolutionGuid = {58160D2A-9D50-47FA-8EB8-229873F8CC11}
	EndGlobalSection
EndGlobal
